
Microsoft Visual Studio Solution File, Format Version 12.00
# Visual Studio Version 16
VisualStudioVersion = 16.0.31729.503
MinimumVisualStudioVersion = 10.0.40219.1
Project("{FAE04EC0-301F-11D3-BF4B-00C04F79EFBC}") = "MachineTest", "MachineTest\MachineTest.csproj", "{4C482166-20B8-44C4-BB92-940C9C6BBE02}"
EndProject
Global
	GlobalSection(SolutionConfigurationPlatforms) = preSolution
		Debug|Any CPU = Debug|Any CPU
		Release|Any CPU = Release|Any CPU
	EndGlobalSection
	GlobalSection(ProjectConfigurationPlatforms) = postSolution
		{4C482166-20B8-44C4-BB92-940C9C6BBE02}.Debug|Any CPU.ActiveCfg = Debug|Any CPU
		{4C482166-20B8-44C4-BB92-940C9C6BBE02}.Debug|Any CPU.Build.0 = Debug|Any CPU
		{4C482166-20B8-44C4-BB92-940C9C6BBE02}.Release|Any CPU.ActiveCfg = Release|Any CPU
		{4C482166-20B8-44C4-BB92-940C9C6BBE02}.Release|Any CPU.Build.0 = Release|Any CPU
	EndGlobalSection
	GlobalSection(SolutionProperties) = preSolution
		HideSolutionNode = FALSE
	EndGlobalSection
	GlobalSection(ExtensibilityGlobals) = postSolution
		SolutionGuid = {5C301577-E713-456B-B9FF-554E609F7488}
	EndGlobalSection
EndGlobal
